
Microsoft Visual Studio Solution File, Format Version 12.00
# Visual Studio 15
VisualStudioVersion = 15.0.27004.2009
MinimumVisualStudioVersion = 10.0.40219.1
Project("{9A19103F-16F7-4668-BE54-9A1E7A4F7556}") = "emilyhandler", "emilyhandler\emilyhandler.csproj", "{33B3F45D-A23D-40E3-8559-BBAF9DAAE715}"
	ProjectSection(ProjectDependencies) = postProject
		{116D83AA-6149-435B-BDF9-A580938EBE80} = {116D83AA-6149-435B-BDF9-A580938EBE80}
		{EDFD67C4-8F36-48D7-B4C3-B079FFC9DD2E} = {EDFD67C4-8F36-48D7-B4C3-B079FFC9DD2E}
	EndProjectSection
EndProject
Project("{E53339B2-1760-4266-BCC7-CA923CBCF16C}") = "docker-compose", "docker-compose.dcproj", "{73AC9345-237D-43F9-8CA5-0C781E2A678C}"
EndProject
Project("{9A19103F-16F7-4668-BE54-9A1E7A4F7556}") = "emilyhandler.domain", "emilyhandler.domain\emilyhandler.domain\emilyhandler.domain.csproj", "{116D83AA-6149-435B-BDF9-A580938EBE80}"
EndProject
Project("{9A19103F-16F7-4668-BE54-9A1E7A4F7556}") = "emilyhandler.logic", "emilyhandler.logic\emilyhandler.logic\emilyhandler.logic.csproj", "{EDFD67C4-8F36-48D7-B4C3-B079FFC9DD2E}"
EndProject
Project("{FAE04EC0-301F-11D3-BF4B-00C04F79EFBC}") = "emilyhandler.persistance", "emilyhandler.persistance\emilyhandler.persistance\emilyhandler.persistance.csproj", "{9E4C8E80-18E8-4CF9-B2FF-50853B361591}"
EndProject
Global
	GlobalSection(SolutionConfigurationPlatforms) = preSolution
		Debug|Any CPU = Debug|Any CPU
		Release|Any CPU = Release|Any CPU
	EndGlobalSection
	GlobalSection(ProjectConfigurationPlatforms) = postSolution
		{33B3F45D-A23D-40E3-8559-BBAF9DAAE715}.Debug|Any CPU.ActiveCfg = Debug|Any CPU
		{33B3F45D-A23D-40E3-8559-BBAF9DAAE715}.Debug|Any CPU.Build.0 = Debug|Any CPU
		{33B3F45D-A23D-40E3-8559-BBAF9DAAE715}.Release|Any CPU.ActiveCfg = Release|Any CPU
		{33B3F45D-A23D-40E3-8559-BBAF9DAAE715}.Release|Any CPU.Build.0 = Release|Any CPU
		{73AC9345-237D-43F9-8CA5-0C781E2A678C}.Debug|Any CPU.ActiveCfg = Debug|Any CPU
		{73AC9345-237D-43F9-8CA5-0C781E2A678C}.Debug|Any CPU.Build.0 = Debug|Any CPU
		{73AC9345-237D-43F9-8CA5-0C781E2A678C}.Release|Any CPU.ActiveCfg = Release|Any CPU
		{73AC9345-237D-43F9-8CA5-0C781E2A678C}.Release|Any CPU.Build.0 = Release|Any CPU
		{116D83AA-6149-435B-BDF9-A580938EBE80}.Debug|Any CPU.ActiveCfg = Debug|Any CPU
		{116D83AA-6149-435B-BDF9-A580938EBE80}.Debug|Any CPU.Build.0 = Debug|Any CPU
		{116D83AA-6149-435B-BDF9-A580938EBE80}.Release|Any CPU.ActiveCfg = Release|Any CPU
		{116D83AA-6149-435B-BDF9-A580938EBE80}.Release|Any CPU.Build.0 = Release|Any CPU
		{EDFD67C4-8F36-48D7-B4C3-B079FFC9DD2E}.Debug|Any CPU.ActiveCfg = Debug|Any CPU
		{EDFD67C4-8F36-48D7-B4C3-B079FFC9DD2E}.Debug|Any CPU.Build.0 = Debug|Any CPU
		{EDFD67C4-8F36-48D7-B4C3-B079FFC9DD2E}.Release|Any CPU.ActiveCfg = Release|Any CPU
		{EDFD67C4-8F36-48D7-B4C3-B079FFC9DD2E}.Release|Any CPU.Build.0 = Release|Any CPU
		{9E4C8E80-18E8-4CF9-B2FF-50853B361591}.Debug|Any CPU.ActiveCfg = Debug|Any CPU
		{9E4C8E80-18E8-4CF9-B2FF-50853B361591}.Debug|Any CPU.Build.0 = Debug|Any CPU
		{9E4C8E80-18E8-4CF9-B2FF-50853B361591}.Release|Any CPU.ActiveCfg = Release|Any CPU
		{9E4C8E80-18E8-4CF9-B2FF-50853B361591}.Release|Any CPU.Build.0 = Release|Any CPU
	EndGlobalSection
	GlobalSection(SolutionProperties) = preSolution
		HideSolutionNode = FALSE
	EndGlobalSection
	GlobalSection(ExtensibilityGlobals) = postSolution
		SolutionGuid = {0B4B96F1-F2E1-435C-BF0A-9DD5E887348F}
	EndGlobalSection
EndGlobal
